
Microsoft Visual Studio Solution File, Format Version 12.00
# Visual Studio Version 16
VisualStudioVersion = 16.0.31424.327
MinimumVisualStudioVersion = 10.0.40219.1
Project("{8BC9CEB8-8B4A-11D0-8D11-00A0C91BC942}") = "SFML_GUI", "SFML_GUI\SFML_GUI.vcxproj", "{84EDB4CB-36F4-49D4-8813-8622D744FB31}"
EndProject
Global
	GlobalSection(SolutionConfigurationPlatforms) = preSolution
		Debug|x64 = Debug|x64
		Debug|x86 = Debug|x86
		Release|x64 = Release|x64
		Release|x86 = Release|x86
	EndGlobalSection
	GlobalSection(ProjectConfigurationPlatforms) = postSolution
		{84EDB4CB-36F4-49D4-8813-8622D744FB31}.Debug|x64.ActiveCfg = Debug|x64
		{84EDB4CB-36F4-49D4-8813-8622D744FB31}.Debug|x64.Build.0 = Debug|x64
		{84EDB4CB-36F4-49D4-8813-8622D744FB31}.Debug|x86.ActiveCfg = Debug|Win32
		{84EDB4CB-36F4-49D4-8813-8622D744FB31}.Debug|x86.Build.0 = Debug|Win32
		{84EDB4CB-36F4-49D4-8813-8622D744FB31}.Release|x64.ActiveCfg = Release|x64
		{84EDB4CB-36F4-49D4-8813-8622D744FB31}.Release|x64.Build.0 = Release|x64
		{84EDB4CB-36F4-49D4-8813-8622D744FB31}.Release|x86.ActiveCfg = Release|Win32
		{84EDB4CB-36F4-49D4-8813-8622D744FB31}.Release|x86.Build.0 = Release|Win32
	EndGlobalSection
	GlobalSection(SolutionProperties) = preSolution
		HideSolutionNode = FALSE
	EndGlobalSection
	GlobalSection(ExtensibilityGlobals) = postSolution
		SolutionGuid = {C8BC6E97-D216-4F77-8A12-D969ED4B1C21}
	EndGlobalSection
EndGlobal
